
Microsoft Visual Studio Solution File, Format Version 12.00
# Visual Studio Version 16
VisualStudioVersion = 16.0.31105.61
MinimumVisualStudioVersion = 10.0.40219.1
Project("{FAE04EC0-301F-11D3-BF4B-00C04F79EFBC}") = "HW_Algorithm7", "HW_Algorithm7\HW_Algorithm7.csproj", "{C840BA47-0AE5-4A3E-AB08-1FD7ACD45FD0}"
EndProject
Global
	GlobalSection(SolutionConfigurationPlatforms) = preSolution
		Debug|Any CPU = Debug|Any CPU
		Release|Any CPU = Release|Any CPU
	EndGlobalSection
	GlobalSection(ProjectConfigurationPlatforms) = postSolution
		{C840BA47-0AE5-4A3E-AB08-1FD7ACD45FD0}.Debug|Any CPU.ActiveCfg = Debug|Any CPU
		{C840BA47-0AE5-4A3E-AB08-1FD7ACD45FD0}.Debug|Any CPU.Build.0 = Debug|Any CPU
		{C840BA47-0AE5-4A3E-AB08-1FD7ACD45FD0}.Release|Any CPU.ActiveCfg = Release|Any CPU
		{C840BA47-0AE5-4A3E-AB08-1FD7ACD45FD0}.Release|Any CPU.Build.0 = Release|Any CPU
	EndGlobalSection
	GlobalSection(SolutionProperties) = preSolution
		HideSolutionNode = FALSE
	EndGlobalSection
	GlobalSection(ExtensibilityGlobals) = postSolution
		SolutionGuid = {C668E837-59F7-48CE-B7D0-D15D39ED9662}
	EndGlobalSection
EndGlobal
